Microsoft Visual Studio Solution File, Format Version 12.00
# Visual Studio Version 17
VisualStudioVersion = 17.5.2.0
MinimumVisualStudioVersion = 10.0.40219.1
Project("{2150E333-8FDC-42A3-9474-1A3956D46DE8}") = "Lesson1", "Lesson1", "{FA1D5956-0C26-B055-4475-331A4996DC40}"
EndProject
Project("{2150E333-8FDC-42A3-9474-1A3956D46DE8}") = "Lesson2", "Lesson2", "{784A0239-25E1-C5D2-DD56-B1AC34627499}"
EndProject
Project("{2150E333-8FDC-42A3-9474-1A3956D46DE8}") = "Lesson3", "Lesson3", "{6546A3BD-D731-A31E-D971-B1179B3C7558}"
EndProject
Project("{2150E333-8FDC-42A3-9474-1A3956D46DE8}") = "Lesson4", "Lesson4", "{4A2DE72E-2F15-4993-B6DC-C22805183877}"
EndProject
Project("{2150E333-8FDC-42A3-9474-1A3956D46DE8}") = "Lesson5", "Lesson5", "{731E5F63-576B-565D-9A3D-CA1DF0698567}"
EndProject
Project("{2150E333-8FDC-42A3-9474-1A3956D46DE8}") = "Sem1", "Sem1", "{08124C58-699F-B49D-65F2-76C4FC664DEE}"
EndProject
Project("{2150E333-8FDC-42A3-9474-1A3956D46DE8}") = "Sem2", "Sem2", "{FEBD917A-2DA7-9B3E-8C9F-5837A51A3ACA}"
EndProject
Project("{2150E333-8FDC-42A3-9474-1A3956D46DE8}") = "Sem3", "Sem3", "{59C84650-6392-860F-17E3-E754DE88FC68}"
EndProject
Project("{2150E333-8FDC-42A3-9474-1A3956D46DE8}") = "Sem4", "Sem4", "{6B1CA7A9-5D9E-D3A2-D40F-29B44CB370FC}"
EndProject
Project("{2150E333-8FDC-42A3-9474-1A3956D46DE8}") = "Sem5", "Sem5", "{61C60DED-A810-5EF9-9910-D1E19C2DA109}"
EndProject
Project("{2150E333-8FDC-42A3-9474-1A3956D46DE8}") = "Sem6", "Sem6", "{4E1C8F3D-6624-CB9D-DA70-CA1FC7BC7CAA}"
EndProject
Project("{FAE04EC0-301F-11D3-BF4B-00C04F79EFBC}") = "Task1", "Lesson1\Task1\Task1.csproj", "{4DF90FE7-0F86-46FD-C9FB-CED82038CBBE}"
EndProject
Project("{FAE04EC0-301F-11D3-BF4B-00C04F79EFBC}") = "Task2", "Lesson1\Task2\Task2.csproj", "{F4F03752-BA4B-8A6D-8364-BF76B490DD7E}"
EndProject
Project("{FAE04EC0-301F-11D3-BF4B-00C04F79EFBC}") = "Task3", "Lesson1\Task3\Task3.csproj", "{321049D8-AF99-D597-46B0-07B3AED99CD5}"
EndProject
Project("{FAE04EC0-301F-11D3-BF4B-00C04F79EFBC}") = "Task4", "Lesson1\Task4\Task4.csproj", "{1FCE6330-49E6-D47C-E1D2-4FEE5A41363F}"
EndProject
Project("{FAE04EC0-301F-11D3-BF4B-00C04F79EFBC}") = "Task5", "Lesson1\Task5\Task5.csproj", "{AE122527-6104-6BF3-109A-732C27E14798}"
EndProject
Project("{FAE04EC0-301F-11D3-BF4B-00C04F79EFBC}") = "Task1", "Lesson2\Task1\Task1.csproj", "{0011B6C7-9376-5025-B1E8-BFB257199ACD}"
EndProject
Project("{FAE04EC0-301F-11D3-BF4B-00C04F79EFBC}") = "Task2", "Lesson2\Task2\Task2.csproj", "{EC5FD0D7-6166-C0F9-9A0A-CFB89889D563}"
EndProject
Project("{FAE04EC0-301F-11D3-BF4B-00C04F79EFBC}") = "Task3", "Lesson2\Task3\Task3.csproj", "{B8EAEDBE-7DB3-1E97-6E49-498229190398}"
EndProject
Project("{FAE04EC0-301F-11D3-BF4B-00C04F79EFBC}") = "Task4", "Lesson2\Task4\Task4.csproj", "{0A3F69BE-55EC-9DF4-87F4-3A98C0790CCA}"
EndProject
Project("{FAE04EC0-301F-11D3-BF4B-00C04F79EFBC}") = "Task1", "Lesson3\Task1\Task1.csproj", "{1A611875-67BE-431A-7C1E-6E13C004AB13}"
EndProject
Project("{FAE04EC0-301F-11D3-BF4B-00C04F79EFBC}") = "Task2", "Lesson3\Task2\Task2.csproj", "{FDC9BBDB-178E-7BAE-EA1D-ECC1947CB99B}"
EndProject
Project("{FAE04EC0-301F-11D3-BF4B-00C04F79EFBC}") = "Task3", "Lesson3\Task3\Task3.csproj", "{D93E2EA5-0836-3E26-A244-12B6154A7632}"
EndProject
Project("{FAE04EC0-301F-11D3-BF4B-00C04F79EFBC}") = "Task1", "Lesson4\Task1\Task1.csproj", "{487660F0-FF64-E96F-E2C1-689C77514664}"
EndProject
Project("{FAE04EC0-301F-11D3-BF4B-00C04F79EFBC}") = "Task2", "Lesson4\Task2\Task2.csproj", "{5937C9BF-0D98-DF83-0880-2EEFA4E0ED83}"
EndProject
Project("{FAE04EC0-301F-11D3-BF4B-00C04F79EFBC}") = "Task3", "Lesson4\Task3\Task3.csproj", "{3C8D1EB3-952C-A2F5-32BA-9098C37B6CC3}"
EndProject
Project("{FAE04EC0-301F-11D3-BF4B-00C04F79EFBC}") = "Task1", "Lesson5\Task1\Task1.csproj", "{2411CF35-449B-CFBB-51FF-5521E198ECE7}"
EndProject
Project("{FAE04EC0-301F-11D3-BF4B-00C04F79EFBC}") = "Task0", "Sem1\Task1\Task0.csproj", "{AA9082CA-09C7-CB03-394D-1B2A485BE4AB}"
EndProject
Project("{FAE04EC0-301F-11D3-BF4B-00C04F79EFBC}") = "Task2", "Sem1\Task2\Task2.csproj", "{01767A92-2BB8-CC5D-1148-5F8A944EA59F}"
EndProject
Project("{FAE04EC0-301F-11D3-BF4B-00C04F79EFBC}") = "Task3", "Sem1\Task3\Task3.csproj", "{828B9645-84E4-C299-8C68-DE3DD695C41B}"
EndProject
Project("{FAE04EC0-301F-11D3-BF4B-00C04F79EFBC}") = "Task1", "Sem2\Task1\Task1.csproj", "{FEC81AFC-6A54-9ACA-AC57-47D620407A8E}"
EndProject
Project("{FAE04EC0-301F-11D3-BF4B-00C04F79EFBC}") = "Task2", "Sem2\Task2\Task2.csproj", "{77AF9FA1-5976-735E-ABAB-401E0B0A38C7}"
EndProject
Project("{FAE04EC0-301F-11D3-BF4B-00C04F79EFBC}") = "Task3", "Sem2\Task3\Task3.csproj", "{C5457410-168B-0B78-258B-457438BD3809}"
EndProject
Project("{FAE04EC0-301F-11D3-BF4B-00C04F79EFBC}") = "Task4", "Sem2\Task4\Task4.csproj", "{542032E2-02E0-A9BB-224A-CEC045E2C194}"
EndProject
Project("{FAE04EC0-301F-11D3-BF4B-00C04F79EFBC}") = "Task5", "Sem2\Task5\Task5.csproj", "{12EB7283-E516-CCCB-61CB-6B2541677361}"
EndProject
Project("{FAE04EC0-301F-11D3-BF4B-00C04F79EFBC}") = "Task1", "Sem3\Task1\Task1.csproj", "{46E484B9-69BA-5299-4215-3C6914C2B293}"
EndProject
Project("{FAE04EC0-301F-11D3-BF4B-00C04F79EFBC}") = "Task2", "Sem3\Task2\Task2.csproj", "{CF600F9C-C5A4-B4CB-75FF-66B70902954A}"
EndProject
Project("{FAE04EC0-301F-11D3-BF4B-00C04F79EFBC}") = "Task3", "Sem3\Task3\Task3.csproj", "{911C97DF-F109-E6C9-00EE-ADC42DE95994}"
EndProject
Project("{FAE04EC0-301F-11D3-BF4B-00C04F79EFBC}") = "Task4", "Sem3\Task4\Task4.csproj", "{6BD729E1-E8A7-C425-9DDB-5AD1F552B92A}"
EndProject
Project("{FAE04EC0-301F-11D3-BF4B-00C04F79EFBC}") = "Task1", "Sem4\Task1\Task1.csproj", "{C367218A-3083-14B6-6A57-117616BF6D42}"
EndProject
Project("{FAE04EC0-301F-11D3-BF4B-00C04F79EFBC}") = "Task2", "Sem4\Task2\Task2.csproj", "{D67B06BD-B24E-8DBC-F9D4-4BFEB2B34B5C}"
EndProject
Project("{FAE04EC0-301F-11D3-BF4B-00C04F79EFBC}") = "Task3", "Sem4\Task3\Task3.csproj", "{4BED33E8-94BC-EF22-BEA7-1BF6186AC728}"
EndProject
Project("{FAE04EC0-301F-11D3-BF4B-00C04F79EFBC}") = "Task1", "Sem5\Task1\Task1.csproj", "{AA89F71A-C5C2-BBA3-A5AB-089858290961}"
EndProject
Project("{FAE04EC0-301F-11D3-BF4B-00C04F79EFBC}") = "Task2", "Sem5\Task2\Task2.csproj", "{7DC6285D-E55F-8802-9031-D16F752DB95F}"
EndProject
Project("{FAE04EC0-301F-11D3-BF4B-00C04F79EFBC}") = "Task3", "Sem5\Task3\Task3.csproj", "{DBB2705D-194F-705E-81BD-144957C29ED1}"
EndProject
Project("{FAE04EC0-301F-11D3-BF4B-00C04F79EFBC}") = "Task1", "Sem6\Task1\Task1.csproj", "{1582AD1A-D239-CB57-EE26-FE45C8B8CD48}"
EndProject
Project("{FAE04EC0-301F-11D3-BF4B-00C04F79EFBC}") = "Task2", "Sem6\Task2\Task2.csproj", "{D28B8038-F1E3-BF04-9AB1-04CC5DED82CA}"
EndProject
Project("{FAE04EC0-301F-11D3-BF4B-00C04F79EFBC}") = "Task3", "Sem6\Task3\Task3.csproj", "{A88A39B4-C3E5-8353-0A7B-65CA3D40C2F9}"
EndProject
Project("{FAE04EC0-301F-11D3-BF4B-00C04F79EFBC}") = "Task4", "Sem6\Task4\Task4.csproj", "{AF9BDE55-9B6F-B15A-2417-D0775C11B527}"
EndProject
Project("{FAE04EC0-301F-11D3-BF4B-00C04F79EFBC}") = "Task5", "Sem6\Task5\Task5.csproj", "{CB60E5D7-E6BE-2975-F445-AA66A373545A}"
EndProject
Global
	GlobalSection(SolutionConfigurationPlatforms) = preSolution
		Debug|Any CPU = Debug|Any CPU
		Release|Any CPU = Release|Any CPU
	EndGlobalSection
	GlobalSection(ProjectConfigurationPlatforms) = postSolution
		{4DF90FE7-0F86-46FD-C9FB-CED82038CBBE}.Debug|Any CPU.ActiveCfg = Debug|Any CPU
		{4DF90FE7-0F86-46FD-C9FB-CED82038CBBE}.Debug|Any CPU.Build.0 = Debug|Any CPU
		{4DF90FE7-0F86-46FD-C9FB-CED82038CBBE}.Release|Any CPU.ActiveCfg = Release|Any CPU
		{4DF90FE7-0F86-46FD-C9FB-CED82038CBBE}.Release|Any CPU.Build.0 = Release|Any CPU
		{F4F03752-BA4B-8A6D-8364-BF76B490DD7E}.Debug|Any CPU.ActiveCfg = Debug|Any CPU
		{F4F03752-BA4B-8A6D-8364-BF76B490DD7E}.Debug|Any CPU.Build.0 = Debug|Any CPU
		{F4F03752-BA4B-8A6D-8364-BF76B490DD7E}.Release|Any CPU.ActiveCfg = Release|Any CPU
		{F4F03752-BA4B-8A6D-8364-BF76B490DD7E}.Release|Any CPU.Build.0 = Release|Any CPU
		{321049D8-AF99-D597-46B0-07B3AED99CD5}.Debug|Any CPU.ActiveCfg = Debug|Any CPU
		{321049D8-AF99-D597-46B0-07B3AED99CD5}.Debug|Any CPU.Build.0 = Debug|Any CPU
		{321049D8-AF99-D597-46B0-07B3AED99CD5}.Release|Any CPU.ActiveCfg = Release|Any CPU
		{321049D8-AF99-D597-46B0-07B3AED99CD5}.Release|Any CPU.Build.0 = Release|Any CPU
		{1FCE6330-49E6-D47C-E1D2-4FEE5A41363F}.Debug|Any CPU.ActiveCfg = Debug|Any CPU
		{1FCE6330-49E6-D47C-E1D2-4FEE5A41363F}.Debug|Any CPU.Build.0 = Debug|Any CPU
		{1FCE6330-49E6-D47C-E1D2-4FEE5A41363F}.Release|Any CPU.ActiveCfg = Release|Any CPU
		{1FCE6330-49E6-D47C-E1D2-4FEE5A41363F}.Release|Any CPU.Build.0 = Release|Any CPU
		{AE122527-6104-6BF3-109A-732C27E14798}.Debug|Any CPU.ActiveCfg = Debug|Any CPU
		{AE122527-6104-6BF3-109A-732C27E14798}.Debug|Any CPU.Build.0 = Debug|Any CPU
		{AE122527-6104-6BF3-109A-732C27E14798}.Release|Any CPU.ActiveCfg = Release|Any CPU
		{AE122527-6104-6BF3-109A-732C27E14798}.Release|Any CPU.Build.0 = Release|Any CPU
		{0011B6C7-9376-5025-B1E8-BFB257199ACD}.Debug|Any CPU.ActiveCfg = Debug|Any CPU
		{0011B6C7-9376-5025-B1E8-BFB257199ACD}.Debug|Any CPU.Build.0 = Debug|Any CPU
		{0011B6C7-9376-5025-B1E8-BFB257199ACD}.Release|Any CPU.ActiveCfg = Release|Any CPU
		{0011B6C7-9376-5025-B1E8-BFB257199ACD}.Release|Any CPU.Build.0 = Release|Any CPU
		{EC5FD0D7-6166-C0F9-9A0A-CFB89889D563}.Debug|Any CPU.ActiveCfg = Debug|Any CPU
		{EC5FD0D7-6166-C0F9-9A0A-CFB89889D563}.Debug|Any CPU.Build.0 = Debug|Any CPU
		{EC5FD0D7-6166-C0F9-9A0A-CFB89889D563}.Release|Any CPU.ActiveCfg = Release|Any CPU
		{EC5FD0D7-6166-C0F9-9A0A-CFB89889D563}.Release|Any CPU.Build.0 = Release|Any CPU
		{B8EAEDBE-7DB3-1E97-6E49-498229190398}.Debug|Any CPU.ActiveCfg = Debug|Any CPU
		{B8EAEDBE-7DB3-1E97-6E49-498229190398}.Debug|Any CPU.Build.0 = Debug|Any CPU
		{B8EAEDBE-7DB3-1E97-6E49-498229190398}.Release|Any CPU.ActiveCfg = Release|Any CPU
		{B8EAEDBE-7DB3-1E97-6E49-498229190398}.Release|Any CPU.Build.0 = Release|Any CPU
		{0A3F69BE-55EC-9DF4-87F4-3A98C0790CCA}.Debug|Any CPU.ActiveCfg = Debug|Any CPU
		{0A3F69BE-55EC-9DF4-87F4-3A98C0790CCA}.Debug|Any CPU.Build.0 = Debug|Any CPU
		{0A3F69BE-55EC-9DF4-87F4-3A98C0790CCA}.Release|Any CPU.ActiveCfg = Release|Any CPU
		{0A3F69BE-55EC-9DF4-87F4-3A98C0790CCA}.Release|Any CPU.Build.0 = Release|Any CPU
		{1A611875-67BE-431A-7C1E-6E13C004AB13}.Debug|Any CPU.ActiveCfg = Debug|Any CPU
		{1A611875-67BE-431A-7C1E-6E13C004AB13}.Debug|Any CPU.Build.0 = Debug|Any CPU
		{1A611875-67BE-431A-7C1E-6E13C004AB13}.Release|Any CPU.ActiveCfg = Release|Any CPU
		{1A611875-67BE-431A-7C1E-6E13C004AB13}.Release|Any CPU.Build.0 = Release|Any CPU
		{FDC9BBDB-178E-7BAE-EA1D-ECC1947CB99B}.Debug|Any CPU.ActiveCfg = Debug|Any CPU
		{FDC9BBDB-178E-7BAE-EA1D-ECC1947CB99B}.Debug|Any CPU.Build.0 = Debug|Any CPU
		{FDC9BBDB-178E-7BAE-EA1D-ECC1947CB99B}.Release|Any CPU.ActiveCfg = Release|Any CPU
		{FDC9BBDB-178E-7BAE-EA1D-ECC1947CB99B}.Release|Any CPU.Build.0 = Release|Any CPU
		{D93E2EA5-0836-3E26-A244-12B6154A7632}.Debug|Any CPU.ActiveCfg = Debug|Any CPU
		{D93E2EA5-0836-3E26-A244-12B6154A7632}.Debug|Any CPU.Build.0 = Debug|Any CPU
		{D93E2EA5-0836-3E26-A244-12B6154A7632}.Release|Any CPU.ActiveCfg = Release|Any CPU
		{D93E2EA5-0836-3E26-A244-12B6154A7632}.Release|Any CPU.Build.0 = Release|Any CPU
		{487660F0-FF64-E96F-E2C1-689C77514664}.Debug|Any CPU.ActiveCfg = Debug|Any CPU
		{487660F0-FF64-E96F-E2C1-689C77514664}.Debug|Any CPU.Build.0 = Debug|Any CPU
		{487660F0-FF64-E96F-E2C1-689C77514664}.Release|Any CPU.ActiveCfg = Release|Any CPU
		{487660F0-FF64-E96F-E2C1-689C77514664}.Release|Any CPU.Build.0 = Release|Any CPU
		{5937C9BF-0D98-DF83-0880-2EEFA4E0ED83}.Debug|Any CPU.ActiveCfg = Debug|Any CPU
		{5937C9BF-0D98-DF83-0880-2EEFA4E0ED83}.Debug|Any CPU.Build.0 = Debug|Any CPU
		{5937C9BF-0D98-DF83-0880-2EEFA4E0ED83}.Release|Any CPU.ActiveCfg = Release|Any CPU
		{5937C9BF-0D98-DF83-0880-2EEFA4E0ED83}.Release|Any CPU.Build.0 = Release|Any CPU
		{3C8D1EB3-952C-A2F5-32BA-9098C37B6CC3}.Debug|Any CPU.ActiveCfg = Debug|Any CPU
		{3C8D1EB3-952C-A2F5-32BA-9098C37B6CC3}.Debug|Any CPU.Build.0 = Debug|Any CPU
		{3C8D1EB3-952C-A2F5-32BA-9098C37B6CC3}.Release|Any CPU.ActiveCfg = Release|Any CPU
		{3C8D1EB3-952C-A2F5-32BA-9098C37B6CC3}.Release|Any CPU.Build.0 = Release|Any CPU
		{2411CF35-449B-CFBB-51FF-5521E198ECE7}.Debug|Any CPU.ActiveCfg = Debug|Any CPU
		{2411CF35-449B-CFBB-51FF-5521E198ECE7}.Debug|Any CPU.Build.0 = Debug|Any CPU
		{2411CF35-449B-CFBB-51FF-5521E198ECE7}.Release|Any CPU.ActiveCfg = Release|Any CPU
		{2411CF35-449B-CFBB-51FF-5521E198ECE7}.Release|Any CPU.Build.0 = Release|Any CPU
		{AA9082CA-09C7-CB03-394D-1B2A485BE4AB}.Debug|Any CPU.ActiveCfg = Debug|Any CPU
		{AA9082CA-09C7-CB03-394D-1B2A485BE4AB}.Debug|Any CPU.Build.0 = Debug|Any CPU
		{AA9082CA-09C7-CB03-394D-1B2A485BE4AB}.Release|Any CPU.ActiveCfg = Release|Any CPU
		{AA9082CA-09C7-CB03-394D-1B2A485BE4AB}.Release|Any CPU.Build.0 = Release|Any CPU
		{01767A92-2BB8-CC5D-1148-5F8A944EA59F}.Debug|Any CPU.ActiveCfg = Debug|Any CPU
		{01767A92-2BB8-CC5D-1148-5F8A944EA59F}.Debug|Any CPU.Build.0 = Debug|Any CPU
		{01767A92-2BB8-CC5D-1148-5F8A944EA59F}.Release|Any CPU.ActiveCfg = Release|Any CPU
		{01767A92-2BB8-CC5D-1148-5F8A944EA59F}.Release|Any CPU.Build.0 = Release|Any CPU
		{828B9645-84E4-C299-8C68-DE3DD695C41B}.Debug|Any CPU.ActiveCfg = Debug|Any CPU
		{828B9645-84E4-C299-8C68-DE3DD695C41B}.Debug|Any CPU.Build.0 = Debug|Any CPU
		{828B9645-84E4-C299-8C68-DE3DD695C41B}.Release|Any CPU.ActiveCfg = Release|Any CPU
		{828B9645-84E4-C299-8C68-DE3DD695C41B}.Release|Any CPU.Build.0 = Release|Any CPU
		{FEC81AFC-6A54-9ACA-AC57-47D620407A8E}.Debug|Any CPU.ActiveCfg = Debug|Any CPU
		{FEC81AFC-6A54-9ACA-AC57-47D620407A8E}.Debug|Any CPU.Build.0 = Debug|Any CPU
		{FEC81AFC-6A54-9ACA-AC57-47D620407A8E}.Release|Any CPU.ActiveCfg = Release|Any CPU
		{FEC81AFC-6A54-9ACA-AC57-47D620407A8E}.Release|Any CPU.Build.0 = Release|Any CPU
		{77AF9FA1-5976-735E-ABAB-401E0B0A38C7}.Debug|Any CPU.ActiveCfg = Debug|Any CPU
		{77AF9FA1-5976-735E-ABAB-401E0B0A38C7}.Debug|Any CPU.Build.0 = Debug|Any CPU
		{77AF9FA1-5976-735E-ABAB-401E0B0A38C7}.Release|Any CPU.ActiveCfg = Release|Any CPU
		{77AF9FA1-5976-735E-ABAB-401E0B0A38C7}.Release|Any CPU.Build.0 = Release|Any CPU
		{C5457410-168B-0B78-258B-457438BD3809}.Debug|Any CPU.ActiveCfg = Debug|Any CPU
		{C5457410-168B-0B78-258B-457438BD3809}.Debug|Any CPU.Build.0 = Debug|Any CPU
		{C5457410-168B-0B78-258B-457438BD3809}.Release|Any CPU.ActiveCfg = Release|Any CPU
		{C5457410-168B-0B78-258B-457438BD3809}.Release|Any CPU.Build.0 = Release|Any CPU
		{542032E2-02E0-A9BB-224A-CEC045E2C194}.Debug|Any CPU.ActiveCfg = Debug|Any CPU
		{542032E2-02E0-A9BB-224A-CEC045E2C194}.Debug|Any CPU.Build.0 = Debug|Any CPU
		{542032E2-02E0-A9BB-224A-CEC045E2C194}.Release|Any CPU.ActiveCfg = Release|Any CPU
		{542032E2-02E0-A9BB-224A-CEC045E2C194}.Release|Any CPU.Build.0 = Release|Any CPU
		{12EB7283-E516-CCCB-61CB-6B2541677361}.Debug|Any CPU.ActiveCfg = Debug|Any CPU
		{12EB7283-E516-CCCB-61CB-6B2541677361}.Debug|Any CPU.Build.0 = Debug|Any CPU
		{12EB7283-E516-CCCB-61CB-6B2541677361}.Release|Any CPU.ActiveCfg = Release|Any CPU
		{12EB7283-E516-CCCB-61CB-6B2541677361}.Release|Any CPU.Build.0 = Release|Any CPU
		{46E484B9-69BA-5299-4215-3C6914C2B293}.Debug|Any CPU.ActiveCfg = Debug|Any CPU
		{46E484B9-69BA-5299-4215-3C6914C2B293}.Debug|Any CPU.Build.0 = Debug|Any CPU
		{46E484B9-69BA-5299-4215-3C6914C2B293}.Release|Any CPU.ActiveCfg = Release|Any CPU
		{46E484B9-69BA-5299-4215-3C6914C2B293}.Release|Any CPU.Build.0 = Release|Any CPU
		{CF600F9C-C5A4-B4CB-75FF-66B70902954A}.Debug|Any CPU.ActiveCfg = Debug|Any CPU
		{CF600F9C-C5A4-B4CB-75FF-66B70902954A}.Debug|Any CPU.Build.0 = Debug|Any CPU
		{CF600F9C-C5A4-B4CB-75FF-66B70902954A}.Release|Any CPU.ActiveCfg = Release|Any CPU
		{CF600F9C-C5A4-B4CB-75FF-66B70902954A}.Release|Any CPU.Build.0 = Release|Any CPU
		{911C97DF-F109-E6C9-00EE-ADC42DE95994}.Debug|Any CPU.ActiveCfg = Debug|Any CPU
		{911C97DF-F109-E6C9-00EE-ADC42DE95994}.Debug|Any CPU.Build.0 = Debug|Any CPU
		{911C97DF-F109-E6C9-00EE-ADC42DE95994}.Release|Any CPU.ActiveCfg = Release|Any CPU
		{911C97DF-F109-E6C9-00EE-ADC42DE95994}.Release|Any CPU.Build.0 = Release|Any CPU
		{6BD729E1-E8A7-C425-9DDB-5AD1F552B92A}.Debug|Any CPU.ActiveCfg = Debug|Any CPU
		{6BD729E1-E8A7-C425-9DDB-5AD1F552B92A}.Debug|Any CPU.Build.0 = Debug|Any CPU
		{6BD729E1-E8A7-C425-9DDB-5AD1F552B92A}.Release|Any CPU.ActiveCfg = Release|Any CPU
		{6BD729E1-E8A7-C425-9DDB-5AD1F552B92A}.Release|Any CPU.Build.0 = Release|Any CPU
		{C367218A-3083-14B6-6A57-117616BF6D42}.Debug|Any CPU.ActiveCfg = Debug|Any CPU
		{C367218A-3083-14B6-6A57-117616BF6D42}.Debug|Any CPU.Build.0 = Debug|Any CPU
		{C367218A-3083-14B6-6A57-117616BF6D42}.Release|Any CPU.ActiveCfg = Release|Any CPU
		{C367218A-3083-14B6-6A57-117616BF6D42}.Release|Any CPU.Build.0 = Release|Any CPU
		{D67B06BD-B24E-8DBC-F9D4-4BFEB2B34B5C}.Debug|Any CPU.ActiveCfg = Debug|Any CPU
		{D67B06BD-B24E-8DBC-F9D4-4BFEB2B34B5C}.Debug|Any CPU.Build.0 = Debug|Any CPU
		{D67B06BD-B24E-8DBC-F9D4-4BFEB2B34B5C}.Release|Any CPU.ActiveCfg = Release|Any CPU
		{D67B06BD-B24E-8DBC-F9D4-4BFEB2B34B5C}.Release|Any CPU.Build.0 = Release|Any CPU
		{4BED33E8-94BC-EF22-BEA7-1BF6186AC728}.Debug|Any CPU.ActiveCfg = Debug|Any CPU
		{4BED33E8-94BC-EF22-BEA7-1BF6186AC728}.Debug|Any CPU.Build.0 = Debug|Any CPU
		{4BED33E8-94BC-EF22-BEA7-1BF6186AC728}.Release|Any CPU.ActiveCfg = Release|Any CPU
		{4BED33E8-94BC-EF22-BEA7-1BF6186AC728}.Release|Any CPU.Build.0 = Release|Any CPU
		{AA89F71A-C5C2-BBA3-A5AB-089858290961}.Debug|Any CPU.ActiveCfg = Debug|Any CPU
		{AA89F71A-C5C2-BBA3-A5AB-089858290961}.Debug|Any CPU.Build.0 = Debug|Any CPU
		{AA89F71A-C5C2-BBA3-A5AB-089858290961}.Release|Any CPU.ActiveCfg = Release|Any CPU
		{AA89F71A-C5C2-BBA3-A5AB-089858290961}.Release|Any CPU.Build.0 = Release|Any CPU
		{7DC6285D-E55F-8802-9031-D16F752DB95F}.Debug|Any CPU.ActiveCfg = Debug|Any CPU
		{7DC6285D-E55F-8802-9031-D16F752DB95F}.Debug|Any CPU.Build.0 = Debug|Any CPU
		{7DC6285D-E55F-8802-9031-D16F752DB95F}.Release|Any CPU.ActiveCfg = Release|Any CPU
		{7DC6285D-E55F-8802-9031-D16F752DB95F}.Release|Any CPU.Build.0 = Release|Any CPU
		{DBB2705D-194F-705E-81BD-144957C29ED1}.Debug|Any CPU.ActiveCfg = Debug|Any CPU
		{DBB2705D-194F-705E-81BD-144957C29ED1}.Debug|Any CPU.Build.0 = Debug|Any CPU
		{DBB2705D-194F-705E-81BD-144957C29ED1}.Release|Any CPU.ActiveCfg = Release|Any CPU
		{DBB2705D-194F-705E-81BD-144957C29ED1}.Release|Any CPU.Build.0 = Release|Any CPU
		{1582AD1A-D239-CB57-EE26-FE45C8B8CD48}.Debug|Any CPU.ActiveCfg = Debug|Any CPU
		{1582AD1A-D239-CB57-EE26-FE45C8B8CD48}.Debug|Any CPU.Build.0 = Debug|Any CPU
		{1582AD1A-D239-CB57-EE26-FE45C8B8CD48}.Release|Any CPU.ActiveCfg = Release|Any CPU
		{1582AD1A-D239-CB57-EE26-FE45C8B8CD48}.Release|Any CPU.Build.0 = Release|Any CPU
		{D28B8038-F1E3-BF04-9AB1-04CC5DED82CA}.Debug|Any CPU.ActiveCfg = Debug|Any CPU
		{D28B8038-F1E3-BF04-9AB1-04CC5DED82CA}.Debug|Any CPU.Build.0 = Debug|Any CPU
		{D28B8038-F1E3-BF04-9AB1-04CC5DED82CA}.Release|Any CPU.ActiveCfg = Release|Any CPU
		{D28B8038-F1E3-BF04-9AB1-04CC5DED82CA}.Release|Any CPU.Build.0 = Release|Any CPU
		{A88A39B4-C3E5-8353-0A7B-65CA3D40C2F9}.Debug|Any CPU.ActiveCfg = Debug|Any CPU
		{A88A39B4-C3E5-8353-0A7B-65CA3D40C2F9}.Debug|Any CPU.Build.0 = Debug|Any CPU
		{A88A39B4-C3E5-8353-0A7B-65CA3D40C2F9}.Release|Any CPU.ActiveCfg = Release|Any CPU
		{A88A39B4-C3E5-8353-0A7B-65CA3D40C2F9}.Release|Any CPU.Build.0 = Release|Any CPU
		{AF9BDE55-9B6F-B15A-2417-D0775C11B527}.Debug|Any CPU.ActiveCfg = Debug|Any CPU
		{AF9BDE55-9B6F-B15A-2417-D0775C11B527}.Debug|Any CPU.Build.0 = Debug|Any CPU
		{AF9BDE55-9B6F-B15A-2417-D0775C11B527}.Release|Any CPU.ActiveCfg = Release|Any CPU
		{AF9BDE55-9B6F-B15A-2417-D0775C11B527}.Release|Any CPU.Build.0 = Release|Any CPU
		{CB60E5D7-E6BE-2975-F445-AA66A373545A}.Debug|Any CPU.ActiveCfg = Debug|Any CPU
		{CB60E5D7-E6BE-2975-F445-AA66A373545A}.Debug|Any CPU.Build.0 = Debug|Any CPU
		{CB60E5D7-E6BE-2975-F445-AA66A373545A}.Release|Any CPU.ActiveCfg = Release|Any CPU
		{CB60E5D7-E6BE-2975-F445-AA66A373545A}.Release|Any CPU.Build.0 = Release|Any CPU
	EndGlobalSection
	GlobalSection(SolutionProperties) = preSolution
		HideSolutionNode = FALSE
	EndGlobalSection
	GlobalSection(NestedProjects) = preSolution
		{4DF90FE7-0F86-46FD-C9FB-CED82038CBBE} = {FA1D5956-0C26-B055-4475-331A4996DC40}
		{F4F03752-BA4B-8A6D-8364-BF76B490DD7E} = {FA1D5956-0C26-B055-4475-331A4996DC40}
		{321049D8-AF99-D597-46B0-07B3AED99CD5} = {FA1D5956-0C26-B055-4475-331A4996DC40}
		{1FCE6330-49E6-D47C-E1D2-4FEE5A41363F} = {FA1D5956-0C26-B055-4475-331A4996DC40}
		{AE122527-6104-6BF3-109A-732C27E14798} = {FA1D5956-0C26-B055-4475-331A4996DC40}
		{0011B6C7-9376-5025-B1E8-BFB257199ACD} = {784A0239-25E1-C5D2-DD56-B1AC34627499}
		{EC5FD0D7-6166-C0F9-9A0A-CFB89889D563} = {784A0239-25E1-C5D2-DD56-B1AC34627499}
		{B8EAEDBE-7DB3-1E97-6E49-498229190398} = {784A0239-25E1-C5D2-DD56-B1AC34627499}
		{0A3F69BE-55EC-9DF4-87F4-3A98C0790CCA} = {784A0239-25E1-C5D2-DD56-B1AC34627499}
		{1A611875-67BE-431A-7C1E-6E13C004AB13} = {6546A3BD-D731-A31E-D971-B1179B3C7558}
		{FDC9BBDB-178E-7BAE-EA1D-ECC1947CB99B} = {6546A3BD-D731-A31E-D971-B1179B3C7558}
		{D93E2EA5-0836-3E26-A244-12B6154A7632} = {6546A3BD-D731-A31E-D971-B1179B3C7558}
		{487660F0-FF64-E96F-E2C1-689C77514664} = {4A2DE72E-2F15-4993-B6DC-C22805183877}
		{5937C9BF-0D98-DF83-0880-2EEFA4E0ED83} = {4A2DE72E-2F15-4993-B6DC-C22805183877}
		{3C8D1EB3-952C-A2F5-32BA-9098C37B6CC3} = {4A2DE72E-2F15-4993-B6DC-C22805183877}
		{2411CF35-449B-CFBB-51FF-5521E198ECE7} = {731E5F63-576B-565D-9A3D-CA1DF0698567}
		{AA9082CA-09C7-CB03-394D-1B2A485BE4AB} = {08124C58-699F-B49D-65F2-76C4FC664DEE}
		{01767A92-2BB8-CC5D-1148-5F8A944EA59F} = {08124C58-699F-B49D-65F2-76C4FC664DEE}
		{828B9645-84E4-C299-8C68-DE3DD695C41B} = {08124C58-699F-B49D-65F2-76C4FC664DEE}
		{FEC81AFC-6A54-9ACA-AC57-47D620407A8E} = {FEBD917A-2DA7-9B3E-8C9F-5837A51A3ACA}
		{77AF9FA1-5976-735E-ABAB-401E0B0A38C7} = {FEBD917A-2DA7-9B3E-8C9F-5837A51A3ACA}
		{C5457410-168B-0B78-258B-457438BD3809} = {FEBD917A-2DA7-9B3E-8C9F-5837A51A3ACA}
		{542032E2-02E0-A9BB-224A-CEC045E2C194} = {FEBD917A-2DA7-9B3E-8C9F-5837A51A3ACA}
		{12EB7283-E516-CCCB-61CB-6B2541677361} = {FEBD917A-2DA7-9B3E-8C9F-5837A51A3ACA}
		{46E484B9-69BA-5299-4215-3C6914C2B293} = {59C84650-6392-860F-17E3-E754DE88FC68}
		{CF600F9C-C5A4-B4CB-75FF-66B70902954A} = {59C84650-6392-860F-17E3-E754DE88FC68}
		{911C97DF-F109-E6C9-00EE-ADC42DE95994} = {59C84650-6392-860F-17E3-E754DE88FC68}
		{6BD729E1-E8A7-C425-9DDB-5AD1F552B92A} = {59C84650-6392-860F-17E3-E754DE88FC68}
		{C367218A-3083-14B6-6A57-117616BF6D42} = {6B1CA7A9-5D9E-D3A2-D40F-29B44CB370FC}
		{D67B06BD-B24E-8DBC-F9D4-4BFEB2B34B5C} = {6B1CA7A9-5D9E-D3A2-D40F-29B44CB370FC}
		{4BED33E8-94BC-EF22-BEA7-1BF6186AC728} = {6B1CA7A9-5D9E-D3A2-D40F-29B44CB370FC}
		{AA89F71A-C5C2-BBA3-A5AB-089858290961} = {61C60DED-A810-5EF9-9910-D1E19C2DA109}
		{7DC6285D-E55F-8802-9031-D16F752DB95F} = {61C60DED-A810-5EF9-9910-D1E19C2DA109}
		{DBB2705D-194F-705E-81BD-144957C29ED1} = {61C60DED-A810-5EF9-9910-D1E19C2DA109}
		{1582AD1A-D239-CB57-EE26-FE45C8B8CD48} = {4E1C8F3D-6624-CB9D-DA70-CA1FC7BC7CAA}
		{D28B8038-F1E3-BF04-9AB1-04CC5DED82CA} = {4E1C8F3D-6624-CB9D-DA70-CA1FC7BC7CAA}
		{A88A39B4-C3E5-8353-0A7B-65CA3D40C2F9} = {4E1C8F3D-6624-CB9D-DA70-CA1FC7BC7CAA}
		{AF9BDE55-9B6F-B15A-2417-D0775C11B527} = {4E1C8F3D-6624-CB9D-DA70-CA1FC7BC7CAA}
		{CB60E5D7-E6BE-2975-F445-AA66A373545A} = {4E1C8F3D-6624-CB9D-DA70-CA1FC7BC7CAA}
	EndGlobalSection
	GlobalSection(ExtensibilityGlobals) = postSolution
		SolutionGuid = {4CCD4D8E-576F-4FED-9C2D-890FE0EB422D}
	EndGlobalSection
EndGlobal
